
Microsoft Visual Studio Solution File, Format Version 12.00
# Visual Studio Version 17
VisualStudioVersion = 17.10.35122.118
MinimumVisualStudioVersion = 10.0.40219.1
Project("{9A19103F-16F7-4668-BE54-9A1E7A4F7556}") = "Assignment", "Assignment\Assignment.csproj", "{35E7B373-72ED-47C5-8FA2-33D5F58D926F}"
EndProject
Global
	GlobalSection(SolutionConfigurationPlatforms) = preSolution
		Debug|Any CPU = Debug|Any CPU
		Release|Any CPU = Release|Any CPU
	EndGlobalSection
	GlobalSection(ProjectConfigurationPlatforms) = postSolution
		{35E7B373-72ED-47C5-8FA2-33D5F58D926F}.Debug|Any CPU.ActiveCfg = Debug|Any CPU
		{35E7B373-72ED-47C5-8FA2-33D5F58D926F}.Debug|Any CPU.Build.0 = Debug|Any CPU
		{35E7B373-72ED-47C5-8FA2-33D5F58D926F}.Release|Any CPU.ActiveCfg = Release|Any CPU
		{35E7B373-72ED-47C5-8FA2-33D5F58D926F}.Release|Any CPU.Build.0 = Release|Any CPU
	EndGlobalSection
	GlobalSection(SolutionProperties) = preSolution
		HideSolutionNode = FALSE
	EndGlobalSection
	GlobalSection(ExtensibilityGlobals) = postSolution
		SolutionGuid = {ABA67421-11D5-45DC-A6C2-05E93B4420AD}
	EndGlobalSection
EndGlobal
